
Microsoft Visual Studio Solution File, Format Version 12.00
# Visual Studio 15
VisualStudioVersion = 15.0.28307.271
MinimumVisualStudioVersion = 10.0.40219.1
Project("{FAE04EC0-301F-11D3-BF4B-00C04F79EFBC}") = "LYMG.SqlSugar", "LYMG.SqlSugar\LYMG.SqlSugar.csproj", "{AAECB7D9-C773-4DCD-9828-F1F1278A8DCF}"
EndProject
Global
	GlobalSection(SolutionConfigurationPlatforms) = preSolution
		Debug|Any CPU = Debug|Any CPU
		Release|Any CPU = Release|Any CPU
	EndGlobalSection
	GlobalSection(ProjectConfigurationPlatforms) = postSolution
		{AAECB7D9-C773-4DCD-9828-F1F1278A8DCF}.Debug|Any CPU.ActiveCfg = Debug|Any CPU
		{AAECB7D9-C773-4DCD-9828-F1F1278A8DCF}.Debug|Any CPU.Build.0 = Debug|Any CPU
		{AAECB7D9-C773-4DCD-9828-F1F1278A8DCF}.Release|Any CPU.ActiveCfg = Release|Any CPU
		{AAECB7D9-C773-4DCD-9828-F1F1278A8DCF}.Release|Any CPU.Build.0 = Release|Any CPU
	EndGlobalSection
	GlobalSection(SolutionProperties) = preSolution
		HideSolutionNode = FALSE
	EndGlobalSection
	GlobalSection(ExtensibilityGlobals) = postSolution
		SolutionGuid = {1D89A5DC-5BDB-4492-8AFB-EF4DD1F4B8B5}
	EndGlobalSection
EndGlobal
